
Microsoft Visual Studio Solution File, Format Version 12.00
# Visual Studio Version 17
VisualStudioVersion = 17.13.35825.156
MinimumVisualStudioVersion = 10.0.40219.1
Project("{FAE04EC0-301F-11D3-BF4B-00C04F79EFBC}") = "AuthServer", "AuthServer\AuthServer.csproj", "{A3A7358E-D805-4232-ACAB-E84B501F2597}"
EndProject
Project("{FAE04EC0-301F-11D3-BF4B-00C04F79EFBC}") = "WorldServer", "WorldServer\WorldServer.csproj", "{0C4EB34A-E09C-423F-9753-20F68CEFB8D7}"
EndProject
Project("{FAE04EC0-301F-11D3-BF4B-00C04F79EFBC}") = "AuthDBServer", "AuthDBServer\AuthDBServer.csproj", "{7C63A6B1-158F-4C6D-A47E-F05C548399E9}"
EndProject
Project("{FAE04EC0-301F-11D3-BF4B-00C04F79EFBC}") = "WorldDBServer", "WorldDBServer\WorldDBServer.csproj", "{3A238D31-2D5E-403B-A7DC-80001EF603B5}"
EndProject
Project("{2150E333-8FDC-42A3-9474-1A3956D46DE8}") = "Commons", "Commons", "{C8D5274F-AC00-46C7-1F8D-E88E81087A52}"
EndProject
Project("{FAE04EC0-301F-11D3-BF4B-00C04F79EFBC}") = "Server.Core", "Commons\Server.Core\Server.Core.csproj", "{284F8253-2986-4B67-BED4-DA6066E33C22}"
EndProject
Project("{FAE04EC0-301F-11D3-BF4B-00C04F79EFBC}") = "Server.Data", "Commons\Server.Data\Server.Data.csproj", "{077A7A5E-C099-4BB0-9B90-3E39959B0E35}"
EndProject
Project("{2150E333-8FDC-42A3-9474-1A3956D46DE8}") = "DataBase", "DataBase", "{161AE4B5-B9CB-486F-B472-F8FABF12956B}"
EndProject
Project("{FAE04EC0-301F-11D3-BF4B-00C04F79EFBC}") = "AuthDB", "AuthDB\AuthDB.csproj", "{23CC76EA-9FEC-4D09-BAF0-B4FA3CE2896B}"
EndProject
Project("{FAE04EC0-301F-11D3-BF4B-00C04F79EFBC}") = "WorldDB", "WorldDB\WorldDB.csproj", "{30BEA59D-A33D-461B-B314-7F4ECCC3CF2D}"
EndProject
Global
	GlobalSection(SolutionConfigurationPlatforms) = preSolution
		Debug|Any CPU = Debug|Any CPU
		Release|Any CPU = Release|Any CPU
	EndGlobalSection
	GlobalSection(ProjectConfigurationPlatforms) = postSolution
		{A3A7358E-D805-4232-ACAB-E84B501F2597}.Debug|Any CPU.ActiveCfg = Debug|Any CPU
		{A3A7358E-D805-4232-ACAB-E84B501F2597}.Debug|Any CPU.Build.0 = Debug|Any CPU
		{A3A7358E-D805-4232-ACAB-E84B501F2597}.Release|Any CPU.ActiveCfg = Release|Any CPU
		{A3A7358E-D805-4232-ACAB-E84B501F2597}.Release|Any CPU.Build.0 = Release|Any CPU
		{0C4EB34A-E09C-423F-9753-20F68CEFB8D7}.Debug|Any CPU.ActiveCfg = Debug|Any CPU
		{0C4EB34A-E09C-423F-9753-20F68CEFB8D7}.Debug|Any CPU.Build.0 = Debug|Any CPU
		{0C4EB34A-E09C-423F-9753-20F68CEFB8D7}.Release|Any CPU.ActiveCfg = Release|Any CPU
		{0C4EB34A-E09C-423F-9753-20F68CEFB8D7}.Release|Any CPU.Build.0 = Release|Any CPU
		{7C63A6B1-158F-4C6D-A47E-F05C548399E9}.Debug|Any CPU.ActiveCfg = Debug|Any CPU
		{7C63A6B1-158F-4C6D-A47E-F05C548399E9}.Debug|Any CPU.Build.0 = Debug|Any CPU
		{7C63A6B1-158F-4C6D-A47E-F05C548399E9}.Release|Any CPU.ActiveCfg = Release|Any CPU
		{7C63A6B1-158F-4C6D-A47E-F05C548399E9}.Release|Any CPU.Build.0 = Release|Any CPU
		{3A238D31-2D5E-403B-A7DC-80001EF603B5}.Debug|Any CPU.ActiveCfg = Debug|Any CPU
		{3A238D31-2D5E-403B-A7DC-80001EF603B5}.Debug|Any CPU.Build.0 = Debug|Any CPU
		{3A238D31-2D5E-403B-A7DC-80001EF603B5}.Release|Any CPU.ActiveCfg = Release|Any CPU
		{3A238D31-2D5E-403B-A7DC-80001EF603B5}.Release|Any CPU.Build.0 = Release|Any CPU
		{284F8253-2986-4B67-BED4-DA6066E33C22}.Debug|Any CPU.ActiveCfg = Debug|Any CPU
		{284F8253-2986-4B67-BED4-DA6066E33C22}.Debug|Any CPU.Build.0 = Debug|Any CPU
		{284F8253-2986-4B67-BED4-DA6066E33C22}.Release|Any CPU.ActiveCfg = Release|Any CPU
		{284F8253-2986-4B67-BED4-DA6066E33C22}.Release|Any CPU.Build.0 = Release|Any CPU
		{077A7A5E-C099-4BB0-9B90-3E39959B0E35}.Debug|Any CPU.ActiveCfg = Debug|Any CPU
		{077A7A5E-C099-4BB0-9B90-3E39959B0E35}.Debug|Any CPU.Build.0 = Debug|Any CPU
		{077A7A5E-C099-4BB0-9B90-3E39959B0E35}.Release|Any CPU.ActiveCfg = Release|Any CPU
		{077A7A5E-C099-4BB0-9B90-3E39959B0E35}.Release|Any CPU.Build.0 = Release|Any CPU
		{23CC76EA-9FEC-4D09-BAF0-B4FA3CE2896B}.Debug|Any CPU.ActiveCfg = Debug|Any CPU
		{23CC76EA-9FEC-4D09-BAF0-B4FA3CE2896B}.Debug|Any CPU.Build.0 = Debug|Any CPU
		{23CC76EA-9FEC-4D09-BAF0-B4FA3CE2896B}.Release|Any CPU.ActiveCfg = Release|Any CPU
		{23CC76EA-9FEC-4D09-BAF0-B4FA3CE2896B}.Release|Any CPU.Build.0 = Release|Any CPU
		{30BEA59D-A33D-461B-B314-7F4ECCC3CF2D}.Debug|Any CPU.ActiveCfg = Debug|Any CPU
		{30BEA59D-A33D-461B-B314-7F4ECCC3CF2D}.Debug|Any CPU.Build.0 = Debug|Any CPU
		{30BEA59D-A33D-461B-B314-7F4ECCC3CF2D}.Release|Any CPU.ActiveCfg = Release|Any CPU
		{30BEA59D-A33D-461B-B314-7F4ECCC3CF2D}.Release|Any CPU.Build.0 = Release|Any CPU
	EndGlobalSection
	GlobalSection(SolutionProperties) = preSolution
		HideSolutionNode = FALSE
	EndGlobalSection
	GlobalSection(NestedProjects) = preSolution
		{284F8253-2986-4B67-BED4-DA6066E33C22} = {C8D5274F-AC00-46C7-1F8D-E88E81087A52}
		{077A7A5E-C099-4BB0-9B90-3E39959B0E35} = {C8D5274F-AC00-46C7-1F8D-E88E81087A52}
		{23CC76EA-9FEC-4D09-BAF0-B4FA3CE2896B} = {161AE4B5-B9CB-486F-B472-F8FABF12956B}
		{30BEA59D-A33D-461B-B314-7F4ECCC3CF2D} = {161AE4B5-B9CB-486F-B472-F8FABF12956B}
	EndGlobalSection
	GlobalSection(ExtensibilityGlobals) = postSolution
		SolutionGuid = {8D1BB338-8278-4BF0-8EC2-E997AE3B42D7}
	EndGlobalSection
EndGlobal
